
Microsoft Visual Studio Solution File, Format Version 12.00
# Visual Studio 15
VisualStudioVersion = 15.0.28307.421
MinimumVisualStudioVersion = 10.0.40219.1
Project("{FAE04EC0-301F-11D3-BF4B-00C04F79EFBC}") = "prj16_assistencia_tecnica", "prj16_assistencia_tecnica\prj16_assistencia_tecnica.csproj", "{7DD36C3E-6F93-4CEB-98D2-27E20608F86E}"
EndProject
Global
	GlobalSection(SolutionConfigurationPlatforms) = preSolution
		Debug|Any CPU = Debug|Any CPU
		Release|Any CPU = Release|Any CPU
	EndGlobalSection
	GlobalSection(ProjectConfigurationPlatforms) = postSolution
		{7DD36C3E-6F93-4CEB-98D2-27E20608F86E}.Debug|Any CPU.ActiveCfg = Debug|Any CPU
		{7DD36C3E-6F93-4CEB-98D2-27E20608F86E}.Debug|Any CPU.Build.0 = Debug|Any CPU
		{7DD36C3E-6F93-4CEB-98D2-27E20608F86E}.Release|Any CPU.ActiveCfg = Release|Any CPU
		{7DD36C3E-6F93-4CEB-98D2-27E20608F86E}.Release|Any CPU.Build.0 = Release|Any CPU
	EndGlobalSection
	GlobalSection(SolutionProperties) = preSolution
		HideSolutionNode = FALSE
	EndGlobalSection
	GlobalSection(ExtensibilityGlobals) = postSolution
		SolutionGuid = {BEC250D5-43AF-4B8D-B73B-533439167023}
	EndGlobalSection
EndGlobal
