
Microsoft Visual Studio Solution File, Format Version 12.00
# Visual Studio 15
VisualStudioVersion = 15.0.28307.421
MinimumVisualStudioVersion = 10.0.40219.1
Project("{FAE04EC0-301F-11D3-BF4B-00C04F79EFBC}") = "prj_06_bilhete_bom", "prj_06_bilheta_bom\prj_06_bilhete_bom.csproj", "{7F548B76-6574-411E-BE60-D08F92D9999B}"
EndProject
Global
	GlobalSection(SolutionConfigurationPlatforms) = preSolution
		Debug|Any CPU = Debug|Any CPU
		Release|Any CPU = Release|Any CPU
	EndGlobalSection
	GlobalSection(ProjectConfigurationPlatforms) = postSolution
		{7F548B76-6574-411E-BE60-D08F92D9999B}.Debug|Any CPU.ActiveCfg = Debug|Any CPU
		{7F548B76-6574-411E-BE60-D08F92D9999B}.Debug|Any CPU.Build.0 = Debug|Any CPU
		{7F548B76-6574-411E-BE60-D08F92D9999B}.Release|Any CPU.ActiveCfg = Release|Any CPU
		{7F548B76-6574-411E-BE60-D08F92D9999B}.Release|Any CPU.Build.0 = Release|Any CPU
	EndGlobalSection
	GlobalSection(SolutionProperties) = preSolution
		HideSolutionNode = FALSE
	EndGlobalSection
	GlobalSection(ExtensibilityGlobals) = postSolution
		SolutionGuid = {6C1B26D4-D1B8-4D08-B76A-B4D91DBCAC3A}
	EndGlobalSection
EndGlobal
