
Microsoft Visual Studio Solution File, Format Version 12.00
# Visual Studio 15
VisualStudioVersion = 15.0.28307.421
MinimumVisualStudioVersion = 10.0.40219.1
Project("{FAE04EC0-301F-11D3-BF4B-00C04F79EFBC}") = "prj_09_Gerente_funcionario", "prj_09_Gerente_funcionario\prj_09_Gerente_funcionario.csproj", "{896B93D4-4812-40B5-AA8D-35B60AC1D897}"
EndProject
Global
	GlobalSection(SolutionConfigurationPlatforms) = preSolution
		Debug|Any CPU = Debug|Any CPU
		Release|Any CPU = Release|Any CPU
	EndGlobalSection
	GlobalSection(ProjectConfigurationPlatforms) = postSolution
		{896B93D4-4812-40B5-AA8D-35B60AC1D897}.Debug|Any CPU.ActiveCfg = Debug|Any CPU
		{896B93D4-4812-40B5-AA8D-35B60AC1D897}.Debug|Any CPU.Build.0 = Debug|Any CPU
		{896B93D4-4812-40B5-AA8D-35B60AC1D897}.Release|Any CPU.ActiveCfg = Release|Any CPU
		{896B93D4-4812-40B5-AA8D-35B60AC1D897}.Release|Any CPU.Build.0 = Release|Any CPU
	EndGlobalSection
	GlobalSection(SolutionProperties) = preSolution
		HideSolutionNode = FALSE
	EndGlobalSection
	GlobalSection(ExtensibilityGlobals) = postSolution
		SolutionGuid = {ED940773-32E7-4065-86EE-CBF7E85CA128}
	EndGlobalSection
EndGlobal
